
Microsoft Visual Studio Solution File, Format Version 12.00
# Visual Studio Version 16
VisualStudioVersion = 16.0.30225.117
MinimumVisualStudioVersion = 10.0.40219.1
Project("{FAE04EC0-301F-11D3-BF4B-00C04F79EFBC}") = "mynewwebapp", "mynewwebapp\mynewwebapp.csproj", "{1C2474EA-AB14-4F58-9948-070E8D8E0D7D}"
EndProject
Global
	GlobalSection(SolutionConfigurationPlatforms) = preSolution
		Debug|Any CPU = Debug|Any CPU
		Release|Any CPU = Release|Any CPU
	EndGlobalSection
	GlobalSection(ProjectConfigurationPlatforms) = postSolution
		{1C2474EA-AB14-4F58-9948-070E8D8E0D7D}.Debug|Any CPU.ActiveCfg = Debug|Any CPU
		{1C2474EA-AB14-4F58-9948-070E8D8E0D7D}.Debug|Any CPU.Build.0 = Debug|Any CPU
		{1C2474EA-AB14-4F58-9948-070E8D8E0D7D}.Release|Any CPU.ActiveCfg = Release|Any CPU
		{1C2474EA-AB14-4F58-9948-070E8D8E0D7D}.Release|Any CPU.Build.0 = Release|Any CPU
	EndGlobalSection
	GlobalSection(SolutionProperties) = preSolution
		HideSolutionNode = FALSE
	EndGlobalSection
	GlobalSection(ExtensibilityGlobals) = postSolution
		SolutionGuid = {B1FA7B56-46F2-43D0-97B2-956A6EE017CF}
	EndGlobalSection
EndGlobal
